<?xml version="1.0" encoding="utf-8"?>
<Project ToolsVersion="4.0" xmlns="http://schemas.microsoft.com/developer/msbuild/2003">
  <ItemGroup>
    <Filter Include="源文件">
      <UniqueIdentifier>{4FC737F1-C7A5-4376-A066-2A32D752A2FF}</UniqueIdentifier>
      <Extensions>cpp;c;cc;cxx;def;odl;idl;hpj;bat;asm;asmx</Extensions>
    </Filter>
    <Filter Include="头文件">
      <UniqueIdentifier>{93995380-89BD-4b04-88EB-625FBE52EBFB}</UniqueIdentifier>
      <Extensions>h;hh;hpp;hxx;hm;inl;inc;xsd</Extensions>
    </Filter>
    <Filter Include="资源文件">
      <UniqueIdentifier>{67DA6AB6-F800-4c08-8B7A-83BB121AAD01}</UniqueIdentifier>
      <Extensions>rc;ico;cur;bmp;dlg;rc2;rct;bin;rgs;gif;jpg;jpeg;jpe;resx;tiff;tif;png;wav;mfcribbon-ms</Extensions>
    </Filter>
    <Filter Include="源文件\LodePng">
      <UniqueIdentifier>{5c7f563c-2c9b-4956-948b-aa87ce14e2ab}</UniqueIdentifier>
    </Filter>
    <Filter Include="头文件\LodePng">
      <UniqueIdentifier>{8524024f-cb75-44af-a950-342b9d0e3d68}</UniqueIdentifier>
    </Filter>
  </ItemGroup>
  <ItemGroup>
    <ClInclude Include="stdafx.h">
      <Filter>头文件</Filter>
    </ClInclude>
    <ClInclude Include="targetver.h">
      <Filter>头文件</Filter>
    </ClInclude>
    <ClInclude Include="..\LodePng\lodepng.h">
      <Filter>头文件\LodePng</Filter>
    </ClInclude>
    <ClInclude Include="..\LodePng\lodepng_util.h">
      <Filter>头文件\LodePng</Filter>
    </ClInclude>
  </ItemGroup>
  <ItemGroup>
    <ClCompile Include="stdafx.cpp">
      <Filter>源文件</Filter>
    </ClCompile>
    <ClCompile Include="AIdenoiser.cpp">
      <Filter>源文件</Filter>
    </ClCompile>
    <ClCompile Include="..\LodePng\lodepng.cpp">
      <Filter>源文件\LodePng</Filter>
    </ClCompile>
    <ClCompile Include="..\LodePng\lodepng_util.cpp">
      <Filter>源文件\LodePng</Filter>
    </ClCompile>
  </ItemGroup>
</Project>